<?xml version="1.0" encoding="UTF-8"?>
<!DOCTYPE plist PUBLIC "-//Apple//DTD PLIST 1.0//EN" "http://www.apple.com/DTDs/PropertyList-1.0.dtd">
<plist version="1.0">
<dict>
	<key>archiveVersion</key>
	<integer>1</integer>
	<key>classes</key>
	<dict/>
	<key>objectVersion</key>
	<integer>56</integer>
	<key>objects</key>
	<dict>
		<key>12X22LHPCRQBDMKAND5H5ZGF</key>
		<dict>
			<key>isa</key>
			<string>PBXFileReference</string>
			<key>lastKnownFileType</key>
			<string>sourcecode.swift.swift</string>
			<key>path</key>
			<string>VoiceMate/Services/AudioService.swift</string>
			<key>sourceTree</key>
			<string>&lt;group&gt;</string>
		</dict>
		<key>18YN69IXU6Z26NH5VM4KHPJO</key>
		<dict>
			<key>isa</key>
			<string>PBXFileReference</string>
			<key>lastKnownFileType</key>
			<string>sourcecode.swift.swift</string>
			<key>path</key>
			<string>VoiceMate/VoiceMateApp.swift</string>
			<key>sourceTree</key>
			<string>&lt;group&gt;</string>
		</dict>
		<key>1D52RZD1PBEFGILPRWNX9CBS</key>
		<dict>
			<key>buildConfigurationList</key>
			<string>3ENHL114W9OMN5Y9Q7GN2SNU</string>
			<key>buildPhases</key>
			<array>
				<string>EHJRGC4A7SQGP46QOBKMNNO8</string>
				<string>UPA3LGI3P6D6FZW3LZ2HOZUM</string>
				<string>ZX37FKKHXPUFX89V8GFS47TQ</string>
			</array>
			<key>buildRules</key>
			<array/>
			<key>dependencies</key>
			<array/>
			<key>isa</key>
			<string>PBXNativeTarget</string>
			<key>name</key>
			<string>VoiceMate</string>
			<key>productName</key>
			<string>VoiceMate</string>
			<key>productReference</key>
			<string>VTE0L6JAJEGK0GPL6JFKBLDB</string>
			<key>productType</key>
			<string>com.apple.product-type.application</string>
		</dict>
		<key>1KBDNXCYOEP6HHU2DCLL3JPS</key>
		<dict>
			<key>isa</key>
			<string>PBXFileReference</string>
			<key>lastKnownFileType</key>
			<string>sourcecode.swift.swift</string>
			<key>path</key>
			<string>VoiceMate/Services/AudioCache.swift</string>
			<key>sourceTree</key>
			<string>&lt;group&gt;</string>
		</dict>
		<key>1KQH8JJLRJJHPOX47SURH4UZ</key>
		<dict>
			<key>fileRef</key>
			<string>NJQOBMNTC043EW328A5A2KOA</string>
			<key>isa</key>
			<string>PBXBuildFile</string>
		</dict>
		<key>3ENHL114W9OMN5Y9Q7GN2SNU</key>
		<dict>
			<key>buildConfigurations</key>
			<array>
				<string>IC9UYR4DKPH02L9FJMEJSMQS</string>
				<string>YBAW111BO88V2C9C7LN7S9IP</string>
			</array>
			<key>defaultConfigurationIsVisible</key>
			<integer>0</integer>
			<key>defaultConfigurationName</key>
			<string>Release</string>
			<key>isa</key>
			<string>XCConfigurationList</string>
		</dict>
		<key>45YCGLKDW45UN5IFSDWT4XC5</key>
		<dict>
			<key>children</key>
			<array>
				<string>18YN69IXU6Z26NH5VM4KHPJO</string>
				<string>1KBDNXCYOEP6HHU2DCLL3JPS</string>
				<string>12X22LHPCRQBDMKAND5H5ZGF</string>
				<string>S3O2YREWO51JQSJ5FY7PWQ85</string>
				<string>R04UNHCLBQV2N3MHG7Z4DD5U</string>
				<string>NJQOBMNTC043EW328A5A2KOA</string>
				<string>8GTH14DCNNIWGZJAA3VWDZMR</string>
				<string>Z2P1LCTJ96XLCD2E0MGERE79</string>
				<string>P08PEUP8S9EV3NDYGVQIT36C</string>
				<string>HVK8NCDS0OC84JQ5OBXWJLN0</string>
				<string>7MKH08DBL5YCI5XZG8GXQE4L</string>
				<string>WEDF21JXFLXNNVYAN6B9FR3K</string>
				<string>VTE0L6JAJEGK0GPL6JFKBLDB</string>
			</array>
			<key>isa</key>
			<string>PBXGroup</string>
			<key>name</key>
			<string>VoiceMate</string>
			<key>sourceTree</key>
			<string>&lt;group&gt;</string>
		</dict>
		<key>6XEHLLQBXS1K3I4NWMNBNLLY</key>
		<dict>
			<key>isa</key>
			<string>XCSwiftPackageProductDependency</string>
			<key>package</key>
			<string>E2RAKJ5BT8SOIR0OH7W948Y3</string>
			<key>productName</key>
			<string>LiveKit</string>
		</dict>
		<key>7MKH08DBL5YCI5XZG8GXQE4L</key>
		<dict>
			<key>isa</key>
			<string>PBXFileReference</string>
			<key>lastKnownFileType</key>
			<string>text.plist.xml</string>
			<key>path</key>
			<string>VoiceMate/Resources/Info.plist</string>
			<key>sourceTree</key>
			<string>&lt;group&gt;</string>
		</dict>
		<key>8GTH14DCNNIWGZJAA3VWDZMR</key>
		<dict>
			<key>isa</key>
			<string>PBXFileReference</string>
			<key>lastKnownFileType</key>
			<string>sourcecode.swift.swift</string>
			<key>path</key>
			<string>VoiceMate/Views/ContentView.swift</string>
			<key>sourceTree</key>
			<string>&lt;group&gt;</string>
		</dict>
		<key>AJUECDYJSDF0VGBAOGO90R42</key>
		<dict>
			<key>fileRef</key>
			<string>12X22LHPCRQBDMKAND5H5ZGF</string>
			<key>isa</key>
			<string>PBXBuildFile</string>
		</dict>
		<key>AK7ZRLBLIJRA09XW7IQ14TBZ</key>
		<dict>
			<key>fileRef</key>
			<string>8GTH14DCNNIWGZJAA3VWDZMR</string>
			<key>isa</key>
			<string>PBXBuildFile</string>
		</dict>
		<key>B3HWBVZTPS97VEBO7GJYSF86</key>
		<dict>
			<key>fileRef</key>
			<string>1KBDNXCYOEP6HHU2DCLL3JPS</string>
			<key>isa</key>
			<string>PBXBuildFile</string>
		</dict>
		<key>CJ0SY57JCSCSAE4F7B8PTKLJ</key>
		<dict>
			<key>fileRef</key>
			<string>18YN69IXU6Z26NH5VM4KHPJO</string>
			<key>isa</key>
			<string>PBXBuildFile</string>
		</dict>
		<key>E2RAKJ5BT8SOIR0OH7W948Y3</key>
		<dict>
			<key>isa</key>
			<string>XCRemoteSwiftPackageReference</string>
			<key>repositoryURL</key>
			<string>https://github.com/livekit/client-sdk-swift.git</string>
			<key>requirement</key>
			<dict>
				<key>kind</key>
				<string>upToNextMajorVersion</string>
				<key>minimumVersion</key>
				<string>1.0.0</string>
			</dict>
		</dict>
		<key>EHJRGC4A7SQGP46QOBKMNNO8</key>
		<dict>
			<key>buildActionMask</key>
			<integer>2147483647</integer>
			<key>files</key>
			<array>
				<string>CJ0SY57JCSCSAE4F7B8PTKLJ</string>
				<string>B3HWBVZTPS97VEBO7GJYSF86</string>
				<string>AJUECDYJSDF0VGBAOGO90R42</string>
				<string>W7AVIP3YWSSHT0KT4553MC3R</string>
				<string>X0WL36EHC2N8UO4DC11N0GGC</string>
				<string>1KQH8JJLRJJHPOX47SURH4UZ</string>
				<string>AK7ZRLBLIJRA09XW7IQ14TBZ</string>
				<string>Z5PI9CDC4OI6VCLVSWF4N1GQ</string>
				<string>Z0W5FJH5YMW3NKNAX5WBK8SG</string>
				<string>FIFJ4FJAFPACWG12YUHDD1X7</string>
			</array>
			<key>isa</key>
			<string>PBXSourcesBuildPhase</string>
			<key>runOnlyForDeploymentPostprocessing</key>
			<integer>0</integer>
		</dict>
		<key>FIFJ4FJAFPACWG12YUHDD1X7</key>
		<dict>
			<key>fileRef</key>
			<string>HVK8NCDS0OC84JQ5OBXWJLN0</string>
			<key>isa</key>
			<string>PBXBuildFile</string>
		</dict>
		<key>FKZP3795JXL8B32JS0O1K4PS</key>
		<dict>
			<key>buildConfigurationList</key>
			<string>3ENHL114W9OMN5Y9Q7GN2SNU</string>
			<key>compatibilityVersion</key>
			<string>Xcode 14.0</string>
			<key>developmentRegion</key>
			<string>zh-Hans</string>
			<key>hasScannedForEncodings</key>
			<integer>0</integer>
			<key>isa</key>
			<string>PBXProject</string>
			<key>knownRegions</key>
			<array>
				<string>zh-Hans</string>
				<string>en</string>
				<string>Base</string>
			</array>
			<key>mainGroup</key>
			<string>45YCGLKDW45UN5IFSDWT4XC5</string>
			<key>packageReferences</key>
			<array>
				<string>E2RAKJ5BT8SOIR0OH7W948Y3</string>
			</array>
			<key>productRefGroup</key>
			<string>45YCGLKDW45UN5IFSDWT4XC5</string>
			<key>projectDirPath</key>
			<string></string>
			<key>projectRoot</key>
			<string></string>
			<key>targets</key>
			<array>
				<string>1D52RZD1PBEFGILPRWNX9CBS</string>
			</array>
		</dict>
		<key>G0FWQBU89FLCT3NGK59JPZV0</key>
		<dict>
			<key>isa</key>
			<string>PBXBuildFile</string>
			<key>productRef</key>
			<string>6XEHLLQBXS1K3I4NWMNBNLLY</string>
		</dict>
		<key>HVK8NCDS0OC84JQ5OBXWJLN0</key>
		<dict>
			<key>isa</key>
			<string>PBXFileReference</string>
			<key>lastKnownFileType</key>
			<string>sourcecode.swift.swift</string>
			<key>path</key>
			<string>VoiceMate/Models/ChatMessage.swift</string>
			<key>sourceTree</key>
			<string>&lt;group&gt;</string>
		</dict>
		<key>IC9UYR4DKPH02L9FJMEJSMQS</key>
		<dict>
			<key>buildSettings</key>
			<dict>
				<key>ASSETCATALOG_COMPILER_APPICON_NAME</key>
				<string>AppIcon</string>
				<key>CODE_SIGNING_ALLOWED</key>
				<string>NO</string>
				<key>CODE_SIGNING_REQUIRED</key>
				<string>NO</string>
				<key>CODE_SIGN_IDENTITY</key>
				<string></string>
				<key>CODE_SIGN_STYLE</key>
				<string>Manual</string>
				<key>FRAMEWORK_SEARCH_PATHS</key>
				<array>
					<string>$(inherited)</string>
					<string>$(PLATFORM_DIR)/Developer/Library/Frameworks</string>
				</array>
				<key>INFOPLIST_FILE</key>
				<string>VoiceMate/Resources/Info.plist</string>
				<key>IPHONEOS_DEPLOYMENT_TARGET</key>
				<string>16.0</string>
				<key>PRODUCT_BUNDLE_IDENTIFIER</key>
				<string>com.voicemate.app</string>
				<key>PRODUCT_NAME</key>
				<string>VoiceMate</string>
				<key>SDKROOT</key>
				<string>iphoneos</string>
				<key>SUPPORTED_PLATFORMS</key>
				<string>iphoneos</string>
				<key>SWIFT_VERSION</key>
				<string>5.9</string>
				<key>TARGETED_DEVICE_FAMILY</key>
				<string>1</string>
			</dict>
			<key>isa</key>
			<string>XCBuildConfiguration</string>
			<key>name</key>
			<string>Debug</string>
		</dict>
		<key>NJQOBMNTC043EW328A5A2KOA</key>
		<dict>
			<key>isa</key>
			<string>PBXFileReference</string>
			<key>lastKnownFileType</key>
			<string>sourcecode.swift.swift</string>
			<key>path</key>
			<string>VoiceMate/Services/VoiceMateService.swift</string>
			<key>sourceTree</key>
			<string>&lt;group&gt;</string>
		</dict>
		<key>P08PEUP8S9EV3NDYGVQIT36C</key>
		<dict>
			<key>isa</key>
			<string>PBXFileReference</string>
			<key>lastKnownFileType</key>
			<string>sourcecode.swift.swift</string>
			<key>path</key>
			<string>VoiceMate/Views/VoiceCloneView.swift</string>
			<key>sourceTree</key>
			<string>&lt;group&gt;</string>
		</dict>
		<key>R04UNHCLBQV2N3MHG7Z4DD5U</key>
		<dict>
			<key>isa</key>
			<string>PBXFileReference</string>
			<key>lastKnownFileType</key>
			<string>sourcecode.swift.swift</string>
			<key>path</key>
			<string>VoiceMate/Services/RealtimeCallService.swift</string>
			<key>sourceTree</key>
			<string>&lt;group&gt;</string>
		</dict>
		<key>S3O2YREWO51JQSJ5FY7PWQ85</key>
		<dict>
			<key>isa</key>
			<string>PBXFileReference</string>
			<key>lastKnownFileType</key>
			<string>sourcecode.swift.swift</string>
			<key>path</key>
			<string>VoiceMate/Services/LiveKitCallService.swift</string>
			<key>sourceTree</key>
			<string>&lt;group&gt;</string>
		</dict>
		<key>UPA3LGI3P6D6FZW3LZ2HOZUM</key>
		<dict>
			<key>buildActionMask</key>
			<integer>2147483647</integer>
			<key>files</key>
			<array>
				<string>G0FWQBU89FLCT3NGK59JPZV0</string>
			</array>
			<key>isa</key>
			<string>PBXFrameworksBuildPhase</string>
			<key>runOnlyForDeploymentPostprocessing</key>
			<integer>0</integer>
		</dict>
		<key>VTE0L6JAJEGK0GPL6JFKBLDB</key>
		<dict>
			<key>explicitFileType</key>
			<string>wrapper.application</string>
			<key>isa</key>
			<string>PBXFileReference</string>
			<key>path</key>
			<string>VoiceMate.app</string>
			<key>sourceTree</key>
			<string>BUILT_PRODUCTS_DIR</string>
		</dict>
		<key>W7AVIP3YWSSHT0KT4553MC3R</key>
		<dict>
			<key>fileRef</key>
			<string>S3O2YREWO51JQSJ5FY7PWQ85</string>
			<key>isa</key>
			<string>PBXBuildFile</string>
		</dict>
		<key>WEDF21JXFLXNNVYAN6B9FR3K</key>
		<dict>
			<key>isa</key>
			<string>PBXFileReference</string>
			<key>lastKnownFileType</key>
			<string>folder.assetcatalog</string>
			<key>path</key>
			<string>VoiceMate/Resources/Assets.xcassets</string>
			<key>sourceTree</key>
			<string>&lt;group&gt;</string>
		</dict>
		<key>X0WL36EHC2N8UO4DC11N0GGC</key>
		<dict>
			<key>fileRef</key>
			<string>R04UNHCLBQV2N3MHG7Z4DD5U</string>
			<key>isa</key>
			<string>PBXBuildFile</string>
		</dict>
		<key>YBAW111BO88V2C9C7LN7S9IP</key>
		<dict>
			<key>buildSettings</key>
			<dict>
				<key>ASSETCATALOG_COMPILER_APPICON_NAME</key>
				<string>AppIcon</string>
				<key>CODE_SIGNING_ALLOWED</key>
				<string>NO</string>
				<key>CODE_SIGNING_REQUIRED</key>
				<string>NO</string>
				<key>CODE_SIGN_IDENTITY</key>
				<string></string>
				<key>CODE_SIGN_STYLE</key>
				<string>Manual</string>
				<key>FRAMEWORK_SEARCH_PATHS</key>
				<array>
					<string>$(inherited)</string>
					<string>$(PLATFORM_DIR)/Developer/Library/Frameworks</string>
				</array>
				<key>INFOPLIST_FILE</key>
				<string>VoiceMate/Resources/Info.plist</string>
				<key>IPHONEOS_DEPLOYMENT_TARGET</key>
				<string>16.0</string>
				<key>PRODUCT_BUNDLE_IDENTIFIER</key>
				<string>com.voicemate.app</string>
				<key>PRODUCT_NAME</key>
				<string>VoiceMate</string>
				<key>SDKROOT</key>
				<string>iphoneos</string>
				<key>SUPPORTED_PLATFORMS</key>
				<string>iphoneos</string>
				<key>SWIFT_VERSION</key>
				<string>5.9</string>
				<key>TARGETED_DEVICE_FAMILY</key>
				<string>1</string>
			</dict>
			<key>isa</key>
			<string>XCBuildConfiguration</string>
			<key>name</key>
			<string>Release</string>
		</dict>
		<key>Z0W5FJH5YMW3NKNAX5WBK8SG</key>
		<dict>
			<key>fileRef</key>
			<string>P08PEUP8S9EV3NDYGVQIT36C</string>
			<key>isa</key>
			<string>PBXBuildFile</string>
		</dict>
		<key>Z2P1LCTJ96XLCD2E0MGERE79</key>
		<dict>
			<key>isa</key>
			<string>PBXFileReference</string>
			<key>lastKnownFileType</key>
			<string>sourcecode.swift.swift</string>
			<key>path</key>
			<string>VoiceMate/Views/RealtimeCallView.swift</string>
			<key>sourceTree</key>
			<string>&lt;group&gt;</string>
		</dict>
		<key>Z5PI9CDC4OI6VCLVSWF4N1GQ</key>
		<dict>
			<key>fileRef</key>
			<string>Z2P1LCTJ96XLCD2E0MGERE79</string>
			<key>isa</key>
			<string>PBXBuildFile</string>
		</dict>
		<key>ZX37FKKHXPUFX89V8GFS47TQ</key>
		<dict>
			<key>buildActionMask</key>
			<integer>2147483647</integer>
			<key>files</key>
			<array/>
			<key>isa</key>
			<string>PBXResourcesBuildPhase</string>
			<key>runOnlyForDeploymentPostprocessing</key>
			<integer>0</integer>
		</dict>
	</dict>
	<key>rootObject</key>
	<string>FKZP3795JXL8B32JS0O1K4PS</string>
</dict>
</plist>
