// !UTF8*
{
	archiveVersion = 1;
	classes = {};
	objectVersion = 56;
	objects = {
		4VDNO9CV3HUTG0QH4Q8OJTRB = {
			isa = PBXFileReference;
			lastKnownFileType = sourcecode.swift.swift;
			path = "VoiceMate/VoiceMateApp.swift";
			sourceTree = "<group>";
		};
		BN98II7W7WY35X336GS1BKVU = {
			isa = PBXBuildFile;
			fileRef = 4VDNO9CV3HUTG0QH4Q8OJTRB;
		};
		1UVP6QSDD8CYBW1P8EXEIV80 = {
			isa = PBXFileReference;
			lastKnownFileType = sourcecode.swift.swift;
			path = "VoiceMate/Services/AudioCache.swift";
			sourceTree = "<group>";
		};
		H09LJ0JUP9B53K2JWHAGP0NR = {
			isa = PBXBuildFile;
			fileRef = 1UVP6QSDD8CYBW1P8EXEIV80;
		};
		ONDHYB2KKXLOZJEMS4YFDCON = {
			isa = PBXFileReference;
			lastKnownFileType = sourcecode.swift.swift;
			path = "VoiceMate/Services/AudioService.swift";
			sourceTree = "<group>";
		};
		LB5B0X4CISCUVISIBNAXTN1G = {
			isa = PBXBuildFile;
			fileRef = ONDHYB2KKXLOZJEMS4YFDCON;
		};
		VNVCMW620409DBXFDEJHUPSW = {
			isa = PBXFileReference;
			lastKnownFileType = sourcecode.swift.swift;
			path = "VoiceMate/Services/LiveKitCallService.swift";
			sourceTree = "<group>";
		};
		KHWK6CX3WLJJ7IOWU2PI1NG1 = {
			isa = PBXBuildFile;
			fileRef = VNVCMW620409DBXFDEJHUPSW;
		};
		AHMA36FF31D0V68XPJ023LGD = {
			isa = PBXFileReference;
			lastKnownFileType = sourcecode.swift.swift;
			path = "VoiceMate/Services/RealtimeCallService.swift";
			sourceTree = "<group>";
		};
		ONOB905NH6G9JL5P3J6Z2ZHM = {
			isa = PBXBuildFile;
			fileRef = AHMA36FF31D0V68XPJ023LGD;
		};
		C4IP6BDZGL9WUYCGKGVI7BGV = {
			isa = PBXFileReference;
			lastKnownFileType = sourcecode.swift.swift;
			path = "VoiceMate/Services/VoiceMateService.swift";
			sourceTree = "<group>";
		};
		22U2VDTIXUBHV9MDIFIXGP68 = {
			isa = PBXBuildFile;
			fileRef = C4IP6BDZGL9WUYCGKGVI7BGV;
		};
		AW16IVL1Y528MNMCOL2FOKQC = {
			isa = PBXFileReference;
			lastKnownFileType = sourcecode.swift.swift;
			path = "VoiceMate/Views/ContentView.swift";
			sourceTree = "<group>";
		};
		46XQ0H03QQ3FMWGVOW0VVE2I = {
			isa = PBXBuildFile;
			fileRef = AW16IVL1Y528MNMCOL2FOKQC;
		};
		9DU3FGOG5WFC5DTHNZ6E9VPP = {
			isa = PBXFileReference;
			lastKnownFileType = sourcecode.swift.swift;
			path = "VoiceMate/Views/RealtimeCallView.swift";
			sourceTree = "<group>";
		};
		573T1781W4B4NL5KIM3FSV0X = {
			isa = PBXBuildFile;
			fileRef = 9DU3FGOG5WFC5DTHNZ6E9VPP;
		};
		FMYBA3P5OOTDOMI6OWEWD8MF = {
			isa = PBXFileReference;
			lastKnownFileType = sourcecode.swift.swift;
			path = "VoiceMate/Views/VoiceCloneView.swift";
			sourceTree = "<group>";
		};
		ECJM05GLM8MXFWT0FN8Y3AR6 = {
			isa = PBXBuildFile;
			fileRef = FMYBA3P5OOTDOMI6OWEWD8MF;
		};
		T4APZJCSGQEZQ6USDUAQNV7G = {
			isa = PBXFileReference;
			lastKnownFileType = sourcecode.swift.swift;
			path = "VoiceMate/Models/ChatMessage.swift";
			sourceTree = "<group>";
		};
		NZMRDKCX34UAF5LNN1MO87UB = {
			isa = PBXBuildFile;
			fileRef = T4APZJCSGQEZQ6USDUAQNV7G;
		};
		P3JH3BKVX6IX22Q10IHW1X62 = {
			isa = PBXFileReference;
			lastKnownFileType = text.plist.xml;
			path = "VoiceMate/Resources/Info.plist";
			sourceTree = "<group>";
		};
		7O6AV1OC5INPJUBF12YVQCW2 = {
			isa = PBXFileReference;
			lastKnownFileType = folder.assetcatalog;
			path = "VoiceMate/Resources/Assets.xcassets";
			sourceTree = "<group>";
		};
		R6GWZL8BS7HMQOD1CF8F77AQ = {
			isa = PBXFileReference;
			explicitFileType = wrapper.application;
			path = VoiceMate.app;
			sourceTree = BUILT_PRODUCTS_DIR;
		};
		J1B9CYHDUMD6XJEGCPJGOIBA = {
			isa = XCRemoteSwiftPackageReference;
			repositoryURL = "https://github.com/livekit/client-sdk-swift.git";
			requirement = {
				kind = upToNextMajorVersion;
				minimumVersion = 2.0.0;
			};
		};
		IK8BMH966I7MXPJFIPH4OK2D = {
			isa = XCSwiftPackageProductDependency;
			package = J1B9CYHDUMD6XJEGCPJGOIBA;
			productName = LiveKit;
		};
		IOCZN5CV3OX1HPIXDGR9VPX9 = {
			isa = PBXBuildFile;
			productRef = IK8BMH966I7MXPJFIPH4OK2D;
		};
		GM6CPCR1IX88ROIQ64OFKDRY = {
			isa = PBXGroup;
			children = (4VDNO9CV3HUTG0QH4Q8OJTRB, 1UVP6QSDD8CYBW1P8EXEIV80, ONDHYB2KKXLOZJEMS4YFDCON, VNVCMW620409DBXFDEJHUPSW, AHMA36FF31D0V68XPJ023LGD, C4IP6BDZGL9WUYCGKGVI7BGV, AW16IVL1Y528MNMCOL2FOKQC, 9DU3FGOG5WFC5DTHNZ6E9VPP, FMYBA3P5OOTDOMI6OWEWD8MF, T4APZJCSGQEZQ6USDUAQNV7G, P3JH3BKVX6IX22Q10IHW1X62, 7O6AV1OC5INPJUBF12YVQCW2, R6GWZL8BS7HMQOD1CF8F77AQ);
			name = VoiceMate;
			sourceTree = "<group>";
		};
		FK0FFTA2CR16DAGWEVLT3KQ9 = {
			isa = PBXSourcesBuildPhase;
			buildActionMask = 2147483647;
			files = (
				BN98II7W7WY35X336GS1BKVU /* VoiceMateApp.swift in Sources */,
				H09LJ0JUP9B53K2JWHAGP0NR /* AudioCache.swift in Sources */,
				LB5B0X4CISCUVISIBNAXTN1G /* AudioService.swift in Sources */,
				KHWK6CX3WLJJ7IOWU2PI1NG1 /* LiveKitCallService.swift in Sources */,
				ONOB905NH6G9JL5P3J6Z2ZHM /* RealtimeCallService.swift in Sources */,
				22U2VDTIXUBHV9MDIFIXGP68 /* VoiceMateService.swift in Sources */,
				46XQ0H03QQ3FMWGVOW0VVE2I /* ContentView.swift in Sources */,
				573T1781W4B4NL5KIM3FSV0X /* RealtimeCallView.swift in Sources */,
				ECJM05GLM8MXFWT0FN8Y3AR6 /* VoiceCloneView.swift in Sources */,
				NZMRDKCX34UAF5LNN1MO87UB /* ChatMessage.swift in Sources */,
			);
			runOnlyForDeploymentPostprocessing = 0;
		};
		7WZW8EBMMNBN08EP9G442CVN = {
			isa = PBXFrameworksBuildPhase;
			buildActionMask = 2147483647;
			files = (
				IOCZN5CV3OX1HPIXDGR9VPX9 /* LiveKit in Frameworks */,
			);
			runOnlyForDeploymentPostprocessing = 0;
		};
		DGTNVDVIUTQOXXG2K24DSI9W = {
			isa = PBXResourcesBuildPhase;
			buildActionMask = 2147483647;
			files = (
			);
			runOnlyForDeploymentPostprocessing = 0;
		};
		Z8DBYNJGM9GUCSH24ZVEKMZ6 = {
			isa = PBXNativeTarget;
			buildConfigurationList = ZG59303MSX5S9VY2D4TPGS87;
			buildPhases = (
				FK0FFTA2CR16DAGWEVLT3KQ9,
				7WZW8EBMMNBN08EP9G442CVN,
				DGTNVDVIUTQOXXG2K24DSI9W,
			);
			buildRules = ();
			dependencies = ();
			name = VoiceMate;
			productName = VoiceMate;
			productReference = R6GWZL8BS7HMQOD1CF8F77AQ;
			productType = "com.apple.product-type.application";
		};
		FS7I3U68X0AWDYJ3P7V4TNCE = {
			isa = XCBuildConfiguration;
			buildSettings = {
				ASSETCATALOG_COMPILER_APPICON_NAME = AppIcon;
				CODE_SIGN_STYLE = Manual;
				CODE_SIGN_IDENTITY = "";
				CODE_SIGNING_REQUIRED = NO;
				CODE_SIGNING_ALLOWED = NO;
				INFOPLIST_FILE = "VoiceMate/Resources/Info.plist";
				IPHONEOS_DEPLOYMENT_TARGET = 16.0;
				PRODUCT_BUNDLE_IDENTIFIER = com.voicemate.app;
				PRODUCT_NAME = VoiceMate;
				SWIFT_VERSION = 5.9;
				TARGETED_DEVICE_FAMILY = 1;
				DEVELOPMENT_TEAM = "";
			};
			name = Debug;
		};
		T9201S3TZJQIKDT18M4BP82N = {
			isa = XCBuildConfiguration;
			buildSettings = {
				ASSETCATALOG_COMPILER_APPICON_NAME = AppIcon;
				CODE_SIGN_STYLE = Manual;
				CODE_SIGN_IDENTITY = "";
				CODE_SIGNING_REQUIRED = NO;
				CODE_SIGNING_ALLOWED = NO;
				INFOPLIST_FILE = "VoiceMate/Resources/Info.plist";
				IPHONEOS_DEPLOYMENT_TARGET = 16.0;
				PRODUCT_BUNDLE_IDENTIFIER = com.voicemate.app;
				PRODUCT_NAME = VoiceMate;
				SWIFT_VERSION = 5.9;
				TARGETED_DEVICE_FAMILY = 1;
				DEVELOPMENT_TEAM = "";
							ALWAYS_SEARCH_USER_PATHS = NO;
				FRAMEWORK_SEARCH_PATHS = (
					"$(inherited)",
					"$(PLATFORM_DIR)/Developer/Library/Frameworks",
				);
				LIBRARY_SEARCH_PATHS = (
					"$(inherited)",
				);
};
			name = Release;
		};
		ZG59303MSX5S9VY2D4TPGS87 = {
			isa = XCConfigurationList;
			buildConfigurations = (
				FS7I3U68X0AWDYJ3P7V4TNCE,
				T9201S3TZJQIKDT18M4BP82N,
			);
			defaultConfigurationIsVisible = 0;
			defaultConfigurationName = Release;
		};
		7LB6O3M6754A5K9SX9OG0C5N = {
			isa = PBXProject;
			buildConfigurationList = ZG59303MSX5S9VY2D4TPGS87;
			compatibilityVersion = "Xcode 14.0";
			developmentRegion = "zh-Hans";
			hasScannedForEncodings = 0;
			knownRegions = (
				"zh-Hans",
				en,
				Base,
			);
			mainGroup = GM6CPCR1IX88ROIQ64OFKDRY;
			packageReferences = (
				J1B9CYHDUMD6XJEGCPJGOIBA,
			);
			productRefGroup = GM6CPCR1IX88ROIQ64OFKDRY;
			projectDirPath = "";
			projectRoot = "";
			targets = (
				Z8DBYNJGM9GUCSH24ZVEKMZ6,
			);
		};
	};
	rootObject = 7LB6O3M6754A5K9SX9OG0C5N;
}
