<?xml version="1.0" encoding="UTF-8"?>
<!DOCTYPE plist PUBLIC "-//Apple//DTD PLIST 1.0//EN" "http://www.apple.com/DTDs/PropertyList-1.0.dtd">
<plist version="1.0">
<dict>
	<key>archiveVersion</key>
	<integer>1</integer>
	<key>classes</key>
	<dict/>
	<key>objectVersion</key>
	<integer>56</integer>
	<key>objects</key>
	<dict>
		<key>13UW7p0btYzV90ZJGB59KdGD</key>
		<dict>
			<key>buildActionMask</key>
			<integer>2147483647</integer>
			<key>files</key>
			<array/>
			<key>isa</key>
			<string>PBXResourcesBuildPhase</string>
			<key>runOnlyForDeploymentPostprocessing</key>
			<integer>0</integer>
		</dict>
		<key>3ETjHnMWT7cuiQeKpcSjrXFZ</key>
		<dict>
			<key>isa</key>
			<string>PBXBuildFile</string>
			<key>productRef</key>
			<string>VOfSHDN7cYLw1BJDpQ33TRrQ</string>
		</dict>
		<key>3s2S3Lb4cdVQGPjQbHGlRDap</key>
		<dict>
			<key>fileRef</key>
			<string>qa3TULy8kKozfypW9fhTEmiO</string>
			<key>isa</key>
			<string>PBXBuildFile</string>
		</dict>
		<key>6aJSzkCSi7I2BWB1XUyEW3hP</key>
		<dict>
			<key>explicitFileType</key>
			<string>wrapper.application</string>
			<key>isa</key>
			<string>PBXFileReference</string>
			<key>path</key>
			<string>VoiceMate.app</string>
			<key>sourceTree</key>
			<string>BUILT_PRODUCTS_DIR</string>
		</dict>
		<key>6e1WiEsIFdFjbIlRmsfJPjyd</key>
		<dict>
			<key>explicitFileType</key>
			<string>sourcecode.swift.swift</string>
			<key>isa</key>
			<string>PBXFileReference</string>
			<key>path</key>
			<string>VoiceMate/Views/ContentView.swift</string>
			<key>sourceTree</key>
			<string>SOURCE_ROOT</string>
		</dict>
		<key>D0QFtp67GGjwyzWdyIvximmt</key>
		<dict>
			<key>explicitFileType</key>
			<string>sourcecode.swift.swift</string>
			<key>isa</key>
			<string>PBXFileReference</string>
			<key>path</key>
			<string>VoiceMate/VoiceMateApp.swift</string>
			<key>sourceTree</key>
			<string>SOURCE_ROOT</string>
		</dict>
		<key>E2DdaZYgXNXfXeso1isLm0Vd</key>
		<dict>
			<key>buildSettings</key>
			<dict>
				<key>ASSETCATALOG_COMPILER_APPICON_NAME</key>
				<string>AppIcon</string>
				<key>CODE_SIGNING_ALLOWED</key>
				<string>NO</string>
				<key>CODE_SIGNING_REQUIRED</key>
				<string>NO</string>
				<key>CODE_SIGN_IDENTITY</key>
				<string></string>
				<key>CODE_SIGN_STYLE</key>
				<string>Manual</string>
				<key>INFOPLIST_FILE</key>
				<string>VoiceMate/Resources/Info.plist</string>
				<key>IPHONEOS_DEPLOYMENT_TARGET</key>
				<string>16.0</string>
				<key>PRODUCT_BUNDLE_IDENTIFIER</key>
				<string>com.voicemate.app</string>
				<key>PRODUCT_NAME</key>
				<string>VoiceMate</string>
				<key>SWIFT_VERSION</key>
				<string>5.9</string>
				<key>TARGETED_DEVICE_FAMILY</key>
				<string>1</string>
			</dict>
			<key>isa</key>
			<string>XCBuildConfiguration</string>
			<key>name</key>
			<string>Release</string>
		</dict>
		<key>FbbtPK3OUvL3cOo7eKxd7Whi</key>
		<dict>
			<key>explicitFileType</key>
			<string>sourcecode.swift.swift</string>
			<key>isa</key>
			<string>PBXFileReference</string>
			<key>path</key>
			<string>VoiceMate/Services/RealtimeCallService.swift</string>
			<key>sourceTree</key>
			<string>SOURCE_ROOT</string>
		</dict>
		<key>FqIR0Mlm73y6imK6qGEaNqql</key>
		<dict>
			<key>children</key>
			<array>
				<string>D0QFtp67GGjwyzWdyIvximmt</string>
				<string>FbbtPK3OUvL3cOo7eKxd7Whi</string>
				<string>JYIiru0rNeqnfG0rX6SYXsnh</string>
				<string>GFAMnXTnt7vCclwNDiibrmPD</string>
				<string>IrIg0eEvUlW3houWMa6cKzHc</string>
				<string>Fvg6Kk2fLJgGC1JfEJHLuRkJ</string>
				<string>qa3TULy8kKozfypW9fhTEmiO</string>
				<string>6e1WiEsIFdFjbIlRmsfJPjyd</string>
				<string>mmgLIMbtdK2W1AgYb7NX7xnD</string>
				<string>RB8fh6HTOoTZuUgjHKGRDYwi</string>
				<string>hMRmXYgeNOFYjZvaIUL2a4WA</string>
				<string>6aJSzkCSi7I2BWB1XUyEW3hP</string>
			</array>
			<key>isa</key>
			<string>PBXGroup</string>
			<key>sourceTree</key>
			<string>&lt;group&gt;</string>
		</dict>
		<key>Fvg6Kk2fLJgGC1JfEJHLuRkJ</key>
		<dict>
			<key>explicitFileType</key>
			<string>sourcecode.swift.swift</string>
			<key>isa</key>
			<string>PBXFileReference</string>
			<key>path</key>
			<string>VoiceMate/Services/VoiceMateService.swift</string>
			<key>sourceTree</key>
			<string>SOURCE_ROOT</string>
		</dict>
		<key>GFAMnXTnt7vCclwNDiibrmPD</key>
		<dict>
			<key>explicitFileType</key>
			<string>sourcecode.swift.swift</string>
			<key>isa</key>
			<string>PBXFileReference</string>
			<key>path</key>
			<string>VoiceMate/Services/LiveKitCallService.swift</string>
			<key>sourceTree</key>
			<string>SOURCE_ROOT</string>
		</dict>
		<key>GTpe5B410R9bb0WJFom6Q8hk</key>
		<dict>
			<key>buildConfigurations</key>
			<array>
				<string>f8OMCXsJUnqVWUrWI9kRNvtA</string>
				<string>E2DdaZYgXNXfXeso1isLm0Vd</string>
			</array>
			<key>defaultConfigurationIsVisible</key>
			<integer>0</integer>
			<key>defaultConfigurationName</key>
			<string>Release</string>
			<key>isa</key>
			<string>XCConfigurationList</string>
		</dict>
		<key>IrIg0eEvUlW3houWMa6cKzHc</key>
		<dict>
			<key>explicitFileType</key>
			<string>sourcecode.swift.swift</string>
			<key>isa</key>
			<string>PBXFileReference</string>
			<key>path</key>
			<string>VoiceMate/Services/AudioService.swift</string>
			<key>sourceTree</key>
			<string>SOURCE_ROOT</string>
		</dict>
		<key>JYIiru0rNeqnfG0rX6SYXsnh</key>
		<dict>
			<key>explicitFileType</key>
			<string>sourcecode.swift.swift</string>
			<key>isa</key>
			<string>PBXFileReference</string>
			<key>path</key>
			<string>VoiceMate/Services/AudioCache.swift</string>
			<key>sourceTree</key>
			<string>SOURCE_ROOT</string>
		</dict>
		<key>L8oQdQxiaMBzjqKZXym9cVfb</key>
		<dict>
			<key>buildActionMask</key>
			<integer>2147483647</integer>
			<key>files</key>
			<array>
				<string>3ETjHnMWT7cuiQeKpcSjrXFZ</string>
			</array>
			<key>isa</key>
			<string>PBXFrameworksBuildPhase</string>
			<key>runOnlyForDeploymentPostprocessing</key>
			<integer>0</integer>
		</dict>
		<key>P5TJOOBE0gDsJHeFrXf00XF1</key>
		<dict>
			<key>fileRef</key>
			<string>JYIiru0rNeqnfG0rX6SYXsnh</string>
			<key>isa</key>
			<string>PBXBuildFile</string>
		</dict>
		<key>QjoDDOzRKaH3TtXqdhFhQzqB</key>
		<dict>
			<key>fileRef</key>
			<string>IrIg0eEvUlW3houWMa6cKzHc</string>
			<key>isa</key>
			<string>PBXBuildFile</string>
		</dict>
		<key>RB8fh6HTOoTZuUgjHKGRDYwi</key>
		<dict>
			<key>explicitFileType</key>
			<string>sourcecode.swift.swift</string>
			<key>isa</key>
			<string>PBXFileReference</string>
			<key>path</key>
			<string>VoiceMate/Models/ChatMessage.swift</string>
			<key>sourceTree</key>
			<string>SOURCE_ROOT</string>
		</dict>
		<key>TjOcoz4CaaY0SlzeZsfzb7Q5</key>
		<dict>
			<key>isa</key>
			<string>XCRemoteSwiftPackageReference</string>
			<key>repositoryURL</key>
			<string>https://github.com/livekit/client-sdk-swift.git</string>
			<key>requirement</key>
			<dict>
				<key>kind</key>
				<string>upToNextMajorVersion</string>
				<key>minimumVersion</key>
				<string>2.0.0</string>
			</dict>
		</dict>
		<key>UkvdTwqh0IX6AGGN5zG2kxv9</key>
		<dict>
			<key>fileRef</key>
			<string>6e1WiEsIFdFjbIlRmsfJPjyd</string>
			<key>isa</key>
			<string>PBXBuildFile</string>
		</dict>
		<key>VOfSHDN7cYLw1BJDpQ33TRrQ</key>
		<dict>
			<key>isa</key>
			<string>XCSwiftPackageProductDependency</string>
			<key>package</key>
			<string>TjOcoz4CaaY0SlzeZsfzb7Q5</string>
			<key>productName</key>
			<string>LiveKit</string>
		</dict>
		<key>ak4ZEBTQ32WLFiGz5RvVdwMy</key>
		<dict>
			<key>fileRef</key>
			<string>mmgLIMbtdK2W1AgYb7NX7xnD</string>
			<key>isa</key>
			<string>PBXBuildFile</string>
		</dict>
		<key>f8OMCXsJUnqVWUrWI9kRNvtA</key>
		<dict>
			<key>buildSettings</key>
			<dict>
				<key>ASSETCATALOG_COMPILER_APPICON_NAME</key>
				<string>AppIcon</string>
				<key>CODE_SIGNING_ALLOWED</key>
				<string>NO</string>
				<key>CODE_SIGNING_REQUIRED</key>
				<string>NO</string>
				<key>CODE_SIGN_IDENTITY</key>
				<string></string>
				<key>CODE_SIGN_STYLE</key>
				<string>Manual</string>
				<key>INFOPLIST_FILE</key>
				<string>VoiceMate/Resources/Info.plist</string>
				<key>IPHONEOS_DEPLOYMENT_TARGET</key>
				<string>16.0</string>
				<key>PRODUCT_BUNDLE_IDENTIFIER</key>
				<string>com.voicemate.app</string>
				<key>PRODUCT_NAME</key>
				<string>VoiceMate</string>
				<key>SWIFT_VERSION</key>
				<string>5.9</string>
				<key>TARGETED_DEVICE_FAMILY</key>
				<string>1</string>
			</dict>
			<key>isa</key>
			<string>XCBuildConfiguration</string>
			<key>name</key>
			<string>Debug</string>
		</dict>
		<key>hMRmXYgeNOFYjZvaIUL2a4WA</key>
		<dict>
			<key>isa</key>
			<string>PBXFileReference</string>
			<key>path</key>
			<string>VoiceMate/Resources/Info.plist</string>
			<key>sourceTree</key>
			<string>&lt;group&gt;</string>
		</dict>
		<key>ifFQyl4J8dnaWaJeHRpuhvf0</key>
		<dict>
			<key>fileRef</key>
			<string>FbbtPK3OUvL3cOo7eKxd7Whi</string>
			<key>isa</key>
			<string>PBXBuildFile</string>
		</dict>
		<key>jMqJZlY0L72YG0TC1S10XmLC</key>
		<dict>
			<key>fileRef</key>
			<string>D0QFtp67GGjwyzWdyIvximmt</string>
			<key>isa</key>
			<string>PBXBuildFile</string>
		</dict>
		<key>lARGhGQKo2sSy6SubzrkhXEU</key>
		<dict>
			<key>fileRef</key>
			<string>RB8fh6HTOoTZuUgjHKGRDYwi</string>
			<key>isa</key>
			<string>PBXBuildFile</string>
		</dict>
		<key>mmgLIMbtdK2W1AgYb7NX7xnD</key>
		<dict>
			<key>explicitFileType</key>
			<string>sourcecode.swift.swift</string>
			<key>isa</key>
			<string>PBXFileReference</string>
			<key>path</key>
			<string>VoiceMate/Views/VoiceCloneView.swift</string>
			<key>sourceTree</key>
			<string>SOURCE_ROOT</string>
		</dict>
		<key>pA4Zb5If3g2GgKMhI3UOuRYh</key>
		<dict>
			<key>buildConfigurationList</key>
			<string>GTpe5B410R9bb0WJFom6Q8hk</string>
			<key>compatibilityVersion</key>
			<string>Xcode 14.0</string>
			<key>developmentRegion</key>
			<string>zh-Hans</string>
			<key>hasScannedForEncodings</key>
			<integer>0</integer>
			<key>isa</key>
			<string>PBXProject</string>
			<key>knownRegions</key>
			<array>
				<string>zh-Hans</string>
				<string>en</string>
				<string>Base</string>
			</array>
			<key>mainGroup</key>
			<string>FqIR0Mlm73y6imK6qGEaNqql</string>
			<key>packageReferences</key>
			<array>
				<string>TjOcoz4CaaY0SlzeZsfzb7Q5</string>
			</array>
			<key>productRefGroup</key>
			<string>FqIR0Mlm73y6imK6qGEaNqql</string>
			<key>projectDirPath</key>
			<string></string>
			<key>projectRoot</key>
			<string></string>
			<key>targets</key>
			<array>
				<string>piHgyOdYnVuMfKhaU5Sd8WqA</string>
			</array>
		</dict>
		<key>piHgyOdYnVuMfKhaU5Sd8WqA</key>
		<dict>
			<key>buildConfigurationList</key>
			<string>GTpe5B410R9bb0WJFom6Q8hk</string>
			<key>buildPhases</key>
			<array>
				<string>sSB4wE28BH5hy0KIJvryv7Nh</string>
				<string>L8oQdQxiaMBzjqKZXym9cVfb</string>
				<string>13UW7p0btYzV90ZJGB59KdGD</string>
			</array>
			<key>buildRules</key>
			<array/>
			<key>dependencies</key>
			<array/>
			<key>isa</key>
			<string>PBXNativeTarget</string>
			<key>name</key>
			<string>VoiceMate</string>
			<key>productName</key>
			<string>VoiceMate</string>
			<key>productReference</key>
			<string>6aJSzkCSi7I2BWB1XUyEW3hP</string>
			<key>productType</key>
			<string>com.apple.product-type.application</string>
		</dict>
		<key>qa3TULy8kKozfypW9fhTEmiO</key>
		<dict>
			<key>explicitFileType</key>
			<string>sourcecode.swift.swift</string>
			<key>isa</key>
			<string>PBXFileReference</string>
			<key>path</key>
			<string>VoiceMate/Views/RealtimeCallView.swift</string>
			<key>sourceTree</key>
			<string>SOURCE_ROOT</string>
		</dict>
		<key>sSB4wE28BH5hy0KIJvryv7Nh</key>
		<dict>
			<key>buildActionMask</key>
			<integer>2147483647</integer>
			<key>files</key>
			<array>
				<string>jMqJZlY0L72YG0TC1S10XmLC</string>
				<string>ifFQyl4J8dnaWaJeHRpuhvf0</string>
				<string>P5TJOOBE0gDsJHeFrXf00XF1</string>
				<string>yZKGAK5ZoCkzsC7msIiuwRy6</string>
				<string>QjoDDOzRKaH3TtXqdhFhQzqB</string>
				<string>yCl1aH6eeXbB1zPJPybssjdt</string>
				<string>3s2S3Lb4cdVQGPjQbHGlRDap</string>
				<string>UkvdTwqh0IX6AGGN5zG2kxv9</string>
				<string>ak4ZEBTQ32WLFiGz5RvVdwMy</string>
				<string>lARGhGQKo2sSy6SubzrkhXEU</string>
			</array>
			<key>isa</key>
			<string>PBXSourcesBuildPhase</string>
			<key>runOnlyForDeploymentPostprocessing</key>
			<integer>0</integer>
		</dict>
		<key>yCl1aH6eeXbB1zPJPybssjdt</key>
		<dict>
			<key>fileRef</key>
			<string>Fvg6Kk2fLJgGC1JfEJHLuRkJ</string>
			<key>isa</key>
			<string>PBXBuildFile</string>
		</dict>
		<key>yZKGAK5ZoCkzsC7msIiuwRy6</key>
		<dict>
			<key>fileRef</key>
			<string>GFAMnXTnt7vCclwNDiibrmPD</string>
			<key>isa</key>
			<string>PBXBuildFile</string>
		</dict>
	</dict>
	<key>rootObject</key>
	<string>pA4Zb5If3g2GgKMhI3UOuRYh</string>
</dict>
</plist>
